
Microsoft Visual Studio Solution File, Format Version 12.00
# Visual Studio Version 17
VisualStudioVersion = 17.5.002.0
MinimumVisualStudioVersion = 10.0.40219.1
Project("{9A19103F-16F7-4668-BE54-9A1E7A4F7556}") = "Reto3", "Reto3\Reto3.csproj", "{62677F64-E771-403F-92EE-16DDAE1240A3}"
EndProject
Global
	GlobalSection(SolutionConfigurationPlatforms) = preSolution
		Debug|Any CPU = Debug|Any CPU
		Release|Any CPU = Release|Any CPU
	EndGlobalSection
	GlobalSection(ProjectConfigurationPlatforms) = postSolution
		{62677F64-E771-403F-92EE-16DDAE1240A3}.Debug|Any CPU.ActiveCfg = Debug|Any CPU
		{62677F64-E771-403F-92EE-16DDAE1240A3}.Debug|Any CPU.Build.0 = Debug|Any CPU
		{62677F64-E771-403F-92EE-16DDAE1240A3}.Release|Any CPU.ActiveCfg = Release|Any CPU
		{62677F64-E771-403F-92EE-16DDAE1240A3}.Release|Any CPU.Build.0 = Release|Any CPU
	EndGlobalSection
	GlobalSection(SolutionProperties) = preSolution
		HideSolutionNode = FALSE
	EndGlobalSection
	GlobalSection(ExtensibilityGlobals) = postSolution
		SolutionGuid = {1644D620-FF01-4035-8616-D6348A72625A}
	EndGlobalSection
EndGlobal
