
Microsoft Visual Studio Solution File, Format Version 12.00
# Visual Studio Version 17
VisualStudioVersion = 17.5.002.0
MinimumVisualStudioVersion = 10.0.40219.1
Project("{9A19103F-16F7-4668-BE54-9A1E7A4F7556}") = "Reto4", "Reto4\Reto4.csproj", "{59C6953B-A0B8-44D5-BA07-06F178074599}"
EndProject
Global
	GlobalSection(SolutionConfigurationPlatforms) = preSolution
		Debug|Any CPU = Debug|Any CPU
		Release|Any CPU = Release|Any CPU
	EndGlobalSection
	GlobalSection(ProjectConfigurationPlatforms) = postSolution
		{59C6953B-A0B8-44D5-BA07-06F178074599}.Debug|Any CPU.ActiveCfg = Debug|Any CPU
		{59C6953B-A0B8-44D5-BA07-06F178074599}.Debug|Any CPU.Build.0 = Debug|Any CPU
		{59C6953B-A0B8-44D5-BA07-06F178074599}.Release|Any CPU.ActiveCfg = Release|Any CPU
		{59C6953B-A0B8-44D5-BA07-06F178074599}.Release|Any CPU.Build.0 = Release|Any CPU
	EndGlobalSection
	GlobalSection(SolutionProperties) = preSolution
		HideSolutionNode = FALSE
	EndGlobalSection
	GlobalSection(ExtensibilityGlobals) = postSolution
		SolutionGuid = {2016692D-F27E-4FDD-A1AB-C84305EBB225}
	EndGlobalSection
EndGlobal
